
Microsoft Visual Studio Solution File, Format Version 12.00
# Visual Studio Version 17
VisualStudioVersion = 17.7.34009.444
MinimumVisualStudioVersion = 10.0.40219.1
Project("{FAE04EC0-301F-11D3-BF4B-00C04F79EFBC}") = "Numbericdown", "Numbericdown\Numbericdown.csproj", "{1E7C18B5-C967-4322-BBA7-2B9DBEE2AA05}"
EndProject
Global
	GlobalSection(SolutionConfigurationPlatforms) = preSolution
		Debug|Any CPU = Debug|Any CPU
		Release|Any CPU = Release|Any CPU
	EndGlobalSection
	GlobalSection(ProjectConfigurationPlatforms) = postSolution
		{1E7C18B5-C967-4322-BBA7-2B9DBEE2AA05}.Debug|Any CPU.ActiveCfg = Debug|Any CPU
		{1E7C18B5-C967-4322-BBA7-2B9DBEE2AA05}.Debug|Any CPU.Build.0 = Debug|Any CPU
		{1E7C18B5-C967-4322-BBA7-2B9DBEE2AA05}.Release|Any CPU.ActiveCfg = Release|Any CPU
		{1E7C18B5-C967-4322-BBA7-2B9DBEE2AA05}.Release|Any CPU.Build.0 = Release|Any CPU
	EndGlobalSection
	GlobalSection(SolutionProperties) = preSolution
		HideSolutionNode = FALSE
	EndGlobalSection
	GlobalSection(ExtensibilityGlobals) = postSolution
		SolutionGuid = {35D126ED-63CE-4C87-A84C-DAF164E3187E}
	EndGlobalSection
EndGlobal
